// !$*UTF8*$!
{
	archiveVersion = 1;
	classes = {
	};
	objectVersion = 46;
	objects = {

/* Begin PBXBuildFile section */
		6D0099931E8022A2001E5A50 /* main.m in Sources */ = {isa = PBXBuildFile; fileRef = 6D0099921E8022A2001E5A50 /* main.m */; };
		6D0099961E8022A2001E5A50 /* AppDelegate.m in Sources */ = {isa = PBXBuildFile; fileRef = 6D0099951E8022A2001E5A50 /* AppDelegate.m */; };
		6D0099991E8022A2001E5A50 /* ViewController.m in Sources */ = {isa = PBXBuildFile; fileRef = 6D0099981E8022A2001E5A50 /* ViewController.m */; };
		6D00999C1E8022A2001E5A50 /* Main.storyboard in Resources */ = {isa = PBXBuildFile; fileRef = 6D00999A1E8022A2001E5A50 /* Main.storyboard */; };
		6D00999F1E8022A2001E5A50 /* Mimimishnosty.xcdatamodeld in Sources */ = {isa = PBXBuildFile; fileRef = 6D00999D1E8022A2001E5A50 /* Mimimishnosty.xcdatamodeld */; };
		6D0099A11E8022A3001E5A50 /* Assets.xcassets in Resources */ = {isa = PBXBuildFile; fileRef = 6D0099A01E8022A3001E5A50 /* Assets.xcassets */; };
		6D0099A41E8022A3001E5A50 /* LaunchScreen.storyboard in Resources */ = {isa = PBXBuildFile; fileRef = 6D0099A21E8022A3001E5A50 /* LaunchScreen.storyboard */; };
		6D0099AD1E802613001E5A50 /* Start.jpg in Resources */ = {isa = PBXBuildFile; fileRef = 6D0099AC1E802613001E5A50 /* Start.jpg */; };
		6D0099B11E802A10001E5A50 /* DSStartViewController.m in Sources */ = {isa = PBXBuildFile; fileRef = 6D0099B01E802A10001E5A50 /* DSStartViewController.m */; };
		6D0099BB1E8032D1001E5A50 /* DSVKManager.m in Sources */ = {isa = PBXBuildFile; fileRef = 6D0099BA1E8032D1001E5A50 /* DSVKManager.m */; };
		6D0099BF1E8095BE001E5A50 /* DSVKMarket.m in Sources */ = {isa = PBXBuildFile; fileRef = 6D0099BE1E8095BE001E5A50 /* DSVKMarket.m */; };
		6D0099C31E873547001E5A50 /* DSBarViewController.m in Sources */ = {isa = PBXBuildFile; fileRef = 6D0099C21E873547001E5A50 /* DSBarViewController.m */; };
		6D0099CA1E87554C001E5A50 /* Orders_Active.png in Resources */ = {isa = PBXBuildFile; fileRef = 6D0099C41E87554C001E5A50 /* Orders_Active.png */; };
		6D0099CB1E87554C001E5A50 /* Orders_Passive.png in Resources */ = {isa = PBXBuildFile; fileRef = 6D0099C51E87554C001E5A50 /* Orders_Passive.png */; };
		6D0099CC1E87554C001E5A50 /* Shop_Active.png in Resources */ = {isa = PBXBuildFile; fileRef = 6D0099C61E87554C001E5A50 /* Shop_Active.png */; };
		6D0099CD1E87554C001E5A50 /* Shop_Passive.png in Resources */ = {isa = PBXBuildFile; fileRef = 6D0099C71E87554C001E5A50 /* Shop_Passive.png */; };
		6D0099CE1E87554C001E5A50 /* Shoping_Cart_Active.png in Resources */ = {isa = PBXBuildFile; fileRef = 6D0099C81E87554C001E5A50 /* Shoping_Cart_Active.png */; };
		6D0099CF1E87554C001E5A50 /* Shoping_Cart_Passive.png in Resources */ = {isa = PBXBuildFile; fileRef = 6D0099C91E87554C001E5A50 /* Shoping_Cart_Passive.png */; };
		6D0099D61E8756F7001E5A50 /* DSShopViewController.m in Sources */ = {isa = PBXBuildFile; fileRef = 6D0099D51E8756F7001E5A50 /* DSShopViewController.m */; };
		6D0099DA1E87FC20001E5A50 /* DSMarketItem.m in Sources */ = {isa = PBXBuildFile; fileRef = 6D0099D91E87FC20001E5A50 /* DSMarketItem.m */; };
		6D0099DE1E880864001E5A50 /* DSPhoto.m in Sources */ = {isa = PBXBuildFile; fileRef = 6D0099DD1E880864001E5A50 /* DSPhoto.m */; };
		6D0099E21E88DA8C001E5A50 /* NSArray+DSArray.m in Sources */ = {isa = PBXBuildFile; fileRef = 6D0099E11E88DA8C001E5A50 /* NSArray+DSArray.m */; };
		6D0099E61E88DE77001E5A50 /* DSShopCell.m in Sources */ = {isa = PBXBuildFile; fileRef = 6D0099E51E88DE77001E5A50 /* DSShopCell.m */; };
		6D0099ED1E8B1874001E5A50 /* DSShopCell.xib in Resources */ = {isa = PBXBuildFile; fileRef = 6D0099EC1E8B1874001E5A50 /* DSShopCell.xib */; };
		6D0099EF1E8B29F3001E5A50 /* defaultPic.png in Resources */ = {isa = PBXBuildFile; fileRef = 6D0099EE1E8B29F3001E5A50 /* defaultPic.png */; };
		6D0099F91E8C216A001E5A50 /* DSItemViewController.m in Sources */ = {isa = PBXBuildFile; fileRef = 6D0099F71E8C216A001E5A50 /* DSItemViewController.m */; };
		6D0099FD1E8DEDDC001E5A50 /* DSPhotoViewerController.m in Sources */ = {isa = PBXBuildFile; fileRef = 6D0099FC1E8DEDDC001E5A50 /* DSPhotoViewerController.m */; };
		6D009A011E8F3B80001E5A50 /* DSCoreDataManager.m in Sources */ = {isa = PBXBuildFile; fileRef = 6D009A001E8F3B80001E5A50 /* DSCoreDataManager.m */; };
		6D009A051E91305B001E5A50 /* DSMarket.m in Sources */ = {isa = PBXBuildFile; fileRef = 6D009A041E91305B001E5A50 /* DSMarket.m */; };
		6D009A091E913B7E001E5A50 /* DSShopingCart.m in Sources */ = {isa = PBXBuildFile; fileRef = 6D009A081E913B7E001E5A50 /* DSShopingCart.m */; };
		6D009A0D1E91420F001E5A50 /* DSItemMOManager.m in Sources */ = {isa = PBXBuildFile; fileRef = 6D009A0C1E91420F001E5A50 /* DSItemMOManager.m */; };
		6D009A111E914684001E5A50 /* DSOrderMOManager.m in Sources */ = {isa = PBXBuildFile; fileRef = 6D009A101E914684001E5A50 /* DSOrderMOManager.m */; };
		6D009A151E92A513001E5A50 /* DSShopingCartViewController.m in Sources */ = {isa = PBXBuildFile; fileRef = 6D009A141E92A513001E5A50 /* DSShopingCartViewController.m */; };
		6D009A1A1E92A575001E5A50 /* DSShopingCartCell.m in Sources */ = {isa = PBXBuildFile; fileRef = 6D009A181E92A575001E5A50 /* DSShopingCartCell.m */; };
		6D009A1B1E92A575001E5A50 /* DSShopingCartCell.xib in Resources */ = {isa = PBXBuildFile; fileRef = 6D009A191E92A575001E5A50 /* DSShopingCartCell.xib */; };
		6D009A221E9A7E79001E5A50 /* DSDeliveryChooseCell.m in Sources */ = {isa = PBXBuildFile; fileRef = 6D009A201E9A7E79001E5A50 /* DSDeliveryChooseCell.m */; };
		6D009A231E9A7E79001E5A50 /* DSDeliveryChooseCell.xib in Resources */ = {isa = PBXBuildFile; fileRef = 6D009A211E9A7E79001E5A50 /* DSDeliveryChooseCell.xib */; };
		6D00C4F91E9A8B550052EB61 /* delivery.png in Resources */ = {isa = PBXBuildFile; fileRef = 6D00C4F71E9A8B550052EB61 /* delivery.png */; };
		6D00C4FA1E9A8B550052EB61 /* selfDelivery.jpg in Resources */ = {isa = PBXBuildFile; fileRef = 6D00C4F81E9A8B550052EB61 /* selfDelivery.jpg */; };
		6D00C4FE1E9D2F3A0052EB61 /* DSAdressCell.m in Sources */ = {isa = PBXBuildFile; fileRef = 6D00C4FC1E9D2F3A0052EB61 /* DSAdressCell.m */; };
		6D00C4FF1E9D2F3A0052EB61 /* DSAdressCell.xib in Resources */ = {isa = PBXBuildFile; fileRef = 6D00C4FD1E9D2F3A0052EB61 /* DSAdressCell.xib */; };
		6D00C5091E9D7C990052EB61 /* DSPlaceOrderCell.m in Sources */ = {isa = PBXBuildFile; fileRef = 6D00C5071E9D7C990052EB61 /* DSPlaceOrderCell.m */; };
		6D00C50A1E9D7C990052EB61 /* DSPlaceOrderCell.xib in Resources */ = {isa = PBXBuildFile; fileRef = 6D00C5081E9D7C990052EB61 /* DSPlaceOrderCell.xib */; };
		6D00C50D1E9D7DC20052EB61 /* placeOrder.png in Resources */ = {isa = PBXBuildFile; fileRef = 6D00C50C1E9D7DC20052EB61 /* placeOrder.png */; };
		6D00C5101E9D86DD0052EB61 /* DSAdressViewController.m in Sources */ = {isa = PBXBuildFile; fileRef = 6D00C50F1E9D86DD0052EB61 /* DSAdressViewController.m */; };
		6D00C5141E9ED1480052EB61 /* DSAdressMOManager.m in Sources */ = {isa = PBXBuildFile; fileRef = 6D00C5131E9ED1480052EB61 /* DSAdressMOManager.m */; };
		6D00C5161E9FDF740052EB61 /* Location.png in Resources */ = {isa = PBXBuildFile; fileRef = 6D00C5151E9FDF740052EB61 /* Location.png */; };
		6D00C5191EA17B0D0052EB61 /* DSOrdersViewController.m in Sources */ = {isa = PBXBuildFile; fileRef = 6D00C5181EA17B0D0052EB61 /* DSOrdersViewController.m */; };
		6D00C5211EA180550052EB61 /* DSOrdersCell.m in Sources */ = {isa = PBXBuildFile; fileRef = 6D00C51F1EA180550052EB61 /* DSOrdersCell.m */; };
		6D00C5221EA180550052EB61 /* DSOrdersCell.xib in Resources */ = {isa = PBXBuildFile; fileRef = 6D00C5201EA180550052EB61 /* DSOrdersCell.xib */; };
		6DF2211A1EA5192D0064ED37 /* DSCollectionViewItemCell.m in Sources */ = {isa = PBXBuildFile; fileRef = 6DF221181EA5192D0064ED37 /* DSCollectionViewItemCell.m */; };
		6DF2211B1EA5192D0064ED37 /* DSCollectionViewItemCell.xib in Resources */ = {isa = PBXBuildFile; fileRef = 6DF221191EA5192D0064ED37 /* DSCollectionViewItemCell.xib */; };
		6DF2211F1EA6CE930064ED37 /* DSItemsCollectionView.m in Sources */ = {isa = PBXBuildFile; fileRef = 6DF2211E1EA6CE930064ED37 /* DSItemsCollectionView.m */; };
		C31E2548AD98707BE32606BA /* libPods-Mimimishnosty.a in Frameworks */ = {isa = PBXBuildFile; fileRef = 9E5414CB9B4A10C249D9C393 /* libPods-Mimimishnosty.a */; };
/* End PBXBuildFile section */

/* Begin PBXFileReference section */
		4B471DB22E328CD1278A19AC /* Pods-Mimimishnosty.debug.xcconfig */ = {isa = PBXFileReference; includeInIndex = 1; lastKnownFileType = text.xcconfig; name = "Pods-Mimimishnosty.debug.xcconfig"; path = "Pods/Target Support Files/Pods-Mimimishnosty/Pods-Mimimishnosty.debug.xcconfig"; sourceTree = "<group>"; };
		6D00998E1E8022A2001E5A50 /* Mimimishnosty.app */ = {isa = PBXFileReference; explicitFileType = wrapper.application; includeInIndex = 0; path = Mimimishnosty.app; sourceTree = BUILT_PRODUCTS_DIR; };
		6D0099921E8022A2001E5A50 /* main.m */ = {isa = PBXFileReference; lastKnownFileType = sourcecode.c.objc; path = main.m; sourceTree = "<group>"; };
		6D0099941E8022A2001E5A50 /* AppDelegate.h */ = {isa = PBXFileReference; lastKnownFileType = sourcecode.c.h; path = AppDelegate.h; sourceTree = "<group>"; };
		6D0099951E8022A2001E5A50 /* AppDelegate.m */ = {isa = PBXFileReference; lastKnownFileType = sourcecode.c.objc; path = AppDelegate.m; sourceTree = "<group>"; };
		6D0099971E8022A2001E5A50 /* ViewController.h */ = {isa = PBXFileReference; lastKnownFileType = sourcecode.c.h; path = ViewController.h; sourceTree = "<group>"; };
		6D0099981E8022A2001E5A50 /* ViewController.m */ = {isa = PBXFileReference; lastKnownFileType = sourcecode.c.objc; path = ViewController.m; sourceTree = "<group>"; };
		6D00999B1E8022A2001E5A50 /* Base */ = {isa = PBXFileReference; lastKnownFileType = file.storyboard; name = Base; path = Base.lproj/Main.storyboard; sourceTree = "<group>"; };
		6D00999E1E8022A2001E5A50 /* Mimimishnosty.xcdatamodel */ = {isa = PBXFileReference; lastKnownFileType = wrapper.xcdatamodel; path = Mimimishnosty.xcdatamodel; sourceTree = "<group>"; };
		6D0099A01E8022A3001E5A50 /* Assets.xcassets */ = {isa = PBXFileReference; lastKnownFileType = folder.assetcatalog; path = Assets.xcassets; sourceTree = "<group>"; };
		6D0099A31E8022A3001E5A50 /* Base */ = {isa = PBXFileReference; lastKnownFileType = file.storyboard; name = Base; path = Base.lproj/LaunchScreen.storyboard; sourceTree = "<group>"; };
		6D0099A51E8022A3001E5A50 /* Info.plist */ = {isa = PBXFileReference; lastKnownFileType = text.plist.xml; path = Info.plist; sourceTree = "<group>"; };
		6D0099AC1E802613001E5A50 /* Start.jpg */ = {isa = PBXFileReference; lastKnownFileType = image.jpeg; name = Start.jpg; path = Images/Start.jpg; sourceTree = "<group>"; };
		6D0099AF1E802A10001E5A50 /* DSStartViewController.h */ = {isa = PBXFileReference; fileEncoding = 4; lastKnownFileType = sourcecode.c.h; path = DSStartViewController.h; sourceTree = "<group>"; };
		6D0099B01E802A10001E5A50 /* DSStartViewController.m */ = {isa = PBXFileReference; fileEncoding = 4; lastKnownFileType = sourcecode.c.objc; path = DSStartViewController.m; sourceTree = "<group>"; };
		6D0099B91E8032D1001E5A50 /* DSVKManager.h */ = {isa = PBXFileReference; fileEncoding = 4; lastKnownFileType = sourcecode.c.h; path = DSVKManager.h; sourceTree = "<group>"; };
		6D0099BA1E8032D1001E5A50 /* DSVKManager.m */ = {isa = PBXFileReference; fileEncoding = 4; lastKnownFileType = sourcecode.c.objc; path = DSVKManager.m; sourceTree = "<group>"; };
		6D0099BD1E8095BE001E5A50 /* DSVKMarket.h */ = {isa = PBXFileReference; fileEncoding = 4; lastKnownFileType = sourcecode.c.h; path = DSVKMarket.h; sourceTree = "<group>"; };
		6D0099BE1E8095BE001E5A50 /* DSVKMarket.m */ = {isa = PBXFileReference; fileEncoding = 4; lastKnownFileType = sourcecode.c.objc; path = DSVKMarket.m; sourceTree = "<group>"; };
		6D0099C11E873547001E5A50 /* DSBarViewController.h */ = {isa = PBXFileReference; fileEncoding = 4; lastKnownFileType = sourcecode.c.h; path = DSBarViewController.h; sourceTree = "<group>"; };
		6D0099C21E873547001E5A50 /* DSBarViewController.m */ = {isa = PBXFileReference; fileEncoding = 4; lastKnownFileType = sourcecode.c.objc; path = DSBarViewController.m; sourceTree = "<group>"; };
		6D0099C41E87554C001E5A50 /* Orders_Active.png */ = {isa = PBXFileReference; lastKnownFileType = image.png; name = Orders_Active.png; path = Images/Orders_Active.png; sourceTree = "<group>"; };
		6D0099C51E87554C001E5A50 /* Orders_Passive.png */ = {isa = PBXFileReference; lastKnownFileType = image.png; name = Orders_Passive.png; path = Images/Orders_Passive.png; sourceTree = "<group>"; };
		6D0099C61E87554C001E5A50 /* Shop_Active.png */ = {isa = PBXFileReference; lastKnownFileType = image.png; name = Shop_Active.png; path = Images/Shop_Active.png; sourceTree = "<group>"; };
		6D0099C71E87554C001E5A50 /* Shop_Passive.png */ = {isa = PBXFileReference; lastKnownFileType = image.png; name = Shop_Passive.png; path = Images/Shop_Passive.png; sourceTree = "<group>"; };
		6D0099C81E87554C001E5A50 /* Shoping_Cart_Active.png */ = {isa = PBXFileReference; lastKnownFileType = image.png; name = Shoping_Cart_Active.png; path = Images/Shoping_Cart_Active.png; sourceTree = "<group>"; };
		6D0099C91E87554C001E5A50 /* Shoping_Cart_Passive.png */ = {isa = PBXFileReference; lastKnownFileType = image.png; name = Shoping_Cart_Passive.png; path = Images/Shoping_Cart_Passive.png; sourceTree = "<group>"; };
		6D0099D41E8756F7001E5A50 /* DSShopViewController.h */ = {isa = PBXFileReference; fileEncoding = 4; lastKnownFileType = sourcecode.c.h; path = DSShopViewController.h; sourceTree = "<group>"; };
		6D0099D51E8756F7001E5A50 /* DSShopViewController.m */ = {isa = PBXFileReference; fileEncoding = 4; lastKnownFileType = sourcecode.c.objc; path = DSShopViewController.m; sourceTree = "<group>"; };
		6D0099D81E87FC20001E5A50 /* DSMarketItem.h */ = {isa = PBXFileReference; fileEncoding = 4; lastKnownFileType = sourcecode.c.h; path = DSMarketItem.h; sourceTree = "<group>"; };
		6D0099D91E87FC20001E5A50 /* DSMarketItem.m */ = {isa = PBXFileReference; fileEncoding = 4; lastKnownFileType = sourcecode.c.objc; path = DSMarketItem.m; sourceTree = "<group>"; };
		6D0099DC1E880864001E5A50 /* DSPhoto.h */ = {isa = PBXFileReference; fileEncoding = 4; lastKnownFileType = sourcecode.c.h; path = DSPhoto.h; sourceTree = "<group>"; };
		6D0099DD1E880864001E5A50 /* DSPhoto.m */ = {isa = PBXFileReference; fileEncoding = 4; lastKnownFileType = sourcecode.c.objc; path = DSPhoto.m; sourceTree = "<group>"; };
		6D0099E01E88DA8C001E5A50 /* NSArray+DSArray.h */ = {isa = PBXFileReference; fileEncoding = 4; lastKnownFileType = sourcecode.c.h; path = "NSArray+DSArray.h"; sourceTree = "<group>"; };
		6D0099E11E88DA8C001E5A50 /* NSArray+DSArray.m */ = {isa = PBXFileReference; fileEncoding = 4; lastKnownFileType = sourcecode.c.objc; path = "NSArray+DSArray.m"; sourceTree = "<group>"; };
		6D0099E41E88DE77001E5A50 /* DSShopCell.h */ = {isa = PBXFileReference; fileEncoding = 4; lastKnownFileType = sourcecode.c.h; path = DSShopCell.h; sourceTree = "<group>"; };
		6D0099E51E88DE77001E5A50 /* DSShopCell.m */ = {isa = PBXFileReference; fileEncoding = 4; lastKnownFileType = sourcecode.c.objc; path = DSShopCell.m; sourceTree = "<group>"; };
		6D0099EC1E8B1874001E5A50 /* DSShopCell.xib */ = {isa = PBXFileReference; fileEncoding = 4; lastKnownFileType = file.xib; path = DSShopCell.xib; sourceTree = "<group>"; };
		6D0099EE1E8B29F3001E5A50 /* defaultPic.png */ = {isa = PBXFileReference; lastKnownFileType = image.png; name = defaultPic.png; path = Images/defaultPic.png; sourceTree = "<group>"; };
		6D0099F61E8C216A001E5A50 /* DSItemViewController.h */ = {isa = PBXFileReference; fileEncoding = 4; lastKnownFileType = sourcecode.c.h; path = DSItemViewController.h; sourceTree = "<group>"; };
		6D0099F71E8C216A001E5A50 /* DSItemViewController.m */ = {isa = PBXFileReference; fileEncoding = 4; lastKnownFileType = sourcecode.c.objc; path = DSItemViewController.m; sourceTree = "<group>"; };
		6D0099FB1E8DEDDC001E5A50 /* DSPhotoViewerController.h */ = {isa = PBXFileReference; fileEncoding = 4; lastKnownFileType = sourcecode.c.h; path = DSPhotoViewerController.h; sourceTree = "<group>"; };
		6D0099FC1E8DEDDC001E5A50 /* DSPhotoViewerController.m */ = {isa = PBXFileReference; fileEncoding = 4; lastKnownFileType = sourcecode.c.objc; path = DSPhotoViewerController.m; sourceTree = "<group>"; };
		6D0099FF1E8F3B80001E5A50 /* DSCoreDataManager.h */ = {isa = PBXFileReference; fileEncoding = 4; lastKnownFileType = sourcecode.c.h; path = DSCoreDataManager.h; sourceTree = "<group>"; };
		6D009A001E8F3B80001E5A50 /* DSCoreDataManager.m */ = {isa = PBXFileReference; fileEncoding = 4; lastKnownFileType = sourcecode.c.objc; path = DSCoreDataManager.m; sourceTree = "<group>"; };
		6D009A031E91305B001E5A50 /* DSMarket.h */ = {isa = PBXFileReference; fileEncoding = 4; lastKnownFileType = sourcecode.c.h; path = DSMarket.h; sourceTree = "<group>"; };
		6D009A041E91305B001E5A50 /* DSMarket.m */ = {isa = PBXFileReference; fileEncoding = 4; lastKnownFileType = sourcecode.c.objc; path = DSMarket.m; sourceTree = "<group>"; };
		6D009A071E913B7E001E5A50 /* DSShopingCart.h */ = {isa = PBXFileReference; fileEncoding = 4; lastKnownFileType = sourcecode.c.h; path = DSShopingCart.h; sourceTree = "<group>"; };
		6D009A081E913B7E001E5A50 /* DSShopingCart.m */ = {isa = PBXFileReference; fileEncoding = 4; lastKnownFileType = sourcecode.c.objc; path = DSShopingCart.m; sourceTree = "<group>"; };
		6D009A0B1E91420F001E5A50 /* DSItemMOManager.h */ = {isa = PBXFileReference; fileEncoding = 4; lastKnownFileType = sourcecode.c.h; path = DSItemMOManager.h; sourceTree = "<group>"; };
		6D009A0C1E91420F001E5A50 /* DSItemMOManager.m */ = {isa = PBXFileReference; fileEncoding = 4; lastKnownFileType = sourcecode.c.objc; path = DSItemMOManager.m; sourceTree = "<group>"; };
		6D009A0F1E914684001E5A50 /* DSOrderMOManager.h */ = {isa = PBXFileReference; fileEncoding = 4; lastKnownFileType = sourcecode.c.h; path = DSOrderMOManager.h; sourceTree = "<group>"; };
		6D009A101E914684001E5A50 /* DSOrderMOManager.m */ = {isa = PBXFileReference; fileEncoding = 4; lastKnownFileType = sourcecode.c.objc; path = DSOrderMOManager.m; sourceTree = "<group>"; };
		6D009A131E92A513001E5A50 /* DSShopingCartViewController.h */ = {isa = PBXFileReference; fileEncoding = 4; lastKnownFileType = sourcecode.c.h; path = DSShopingCartViewController.h; sourceTree = "<group>"; };
		6D009A141E92A513001E5A50 /* DSShopingCartViewController.m */ = {isa = PBXFileReference; fileEncoding = 4; lastKnownFileType = sourcecode.c.objc; path = DSShopingCartViewController.m; sourceTree = "<group>"; };
		6D009A171E92A575001E5A50 /* DSShopingCartCell.h */ = {isa = PBXFileReference; fileEncoding = 4; lastKnownFileType = sourcecode.c.h; path = DSShopingCartCell.h; sourceTree = "<group>"; };
		6D009A181E92A575001E5A50 /* DSShopingCartCell.m */ = {isa = PBXFileReference; fileEncoding = 4; lastKnownFileType = sourcecode.c.objc; path = DSShopingCartCell.m; sourceTree = "<group>"; };
		6D009A191E92A575001E5A50 /* DSShopingCartCell.xib */ = {isa = PBXFileReference; fileEncoding = 4; lastKnownFileType = file.xib; path = DSShopingCartCell.xib; sourceTree = "<group>"; };
		6D009A1F1E9A7E79001E5A50 /* DSDeliveryChooseCell.h */ = {isa = PBXFileReference; fileEncoding = 4; lastKnownFileType = sourcecode.c.h; path = DSDeliveryChooseCell.h; sourceTree = "<group>"; };
		6D009A201E9A7E79001E5A50 /* DSDeliveryChooseCell.m */ = {isa = PBXFileReference; fileEncoding = 4; lastKnownFileType = sourcecode.c.objc; path = DSDeliveryChooseCell.m; sourceTree = "<group>"; };
		6D009A211E9A7E79001E5A50 /* DSDeliveryChooseCell.xib */ = {isa = PBXFileReference; fileEncoding = 4; lastKnownFileType = file.xib; path = DSDeliveryChooseCell.xib; sourceTree = "<group>"; };
		6D00C4F71E9A8B550052EB61 /* delivery.png */ = {isa = PBXFileReference; lastKnownFileType = image.png; name = delivery.png; path = Images/delivery.png; sourceTree = "<group>"; };
		6D00C4F81E9A8B550052EB61 /* selfDelivery.jpg */ = {isa = PBXFileReference; lastKnownFileType = image.jpeg; name = selfDelivery.jpg; path = Images/selfDelivery.jpg; sourceTree = "<group>"; };
		6D00C4FB1E9D2F3A0052EB61 /* DSAdressCell.h */ = {isa = PBXFileReference; fileEncoding = 4; lastKnownFileType = sourcecode.c.h; path = DSAdressCell.h; sourceTree = "<group>"; };
		6D00C4FC1E9D2F3A0052EB61 /* DSAdressCell.m */ = {isa = PBXFileReference; fileEncoding = 4; lastKnownFileType = sourcecode.c.objc; path = DSAdressCell.m; sourceTree = "<group>"; };
		6D00C4FD1E9D2F3A0052EB61 /* DSAdressCell.xib */ = {isa = PBXFileReference; fileEncoding = 4; lastKnownFileType = file.xib; path = DSAdressCell.xib; sourceTree = "<group>"; };
		6D00C5061E9D7C990052EB61 /* DSPlaceOrderCell.h */ = {isa = PBXFileReference; fileEncoding = 4; lastKnownFileType = sourcecode.c.h; path = DSPlaceOrderCell.h; sourceTree = "<group>"; };
		6D00C5071E9D7C990052EB61 /* DSPlaceOrderCell.m */ = {isa = PBXFileReference; fileEncoding = 4; lastKnownFileType = sourcecode.c.objc; path = DSPlaceOrderCell.m; sourceTree = "<group>"; };
		6D00C5081E9D7C990052EB61 /* DSPlaceOrderCell.xib */ = {isa = PBXFileReference; fileEncoding = 4; lastKnownFileType = file.xib; path = DSPlaceOrderCell.xib; sourceTree = "<group>"; };
		6D00C50C1E9D7DC20052EB61 /* placeOrder.png */ = {isa = PBXFileReference; lastKnownFileType = image.png; name = placeOrder.png; path = Images/placeOrder.png; sourceTree = "<group>"; };
		6D00C50E1E9D86DD0052EB61 /* DSAdressViewController.h */ = {isa = PBXFileReference; fileEncoding = 4; lastKnownFileType = sourcecode.c.h; path = DSAdressViewController.h; sourceTree = "<group>"; };
		6D00C50F1E9D86DD0052EB61 /* DSAdressViewController.m */ = {isa = PBXFileReference; fileEncoding = 4; lastKnownFileType = sourcecode.c.objc; path = DSAdressViewController.m; sourceTree = "<group>"; };
		6D00C5121E9ED1480052EB61 /* DSAdressMOManager.h */ = {isa = PBXFileReference; fileEncoding = 4; lastKnownFileType = sourcecode.c.h; path = DSAdressMOManager.h; sourceTree = "<group>"; };
		6D00C5131E9ED1480052EB61 /* DSAdressMOManager.m */ = {isa = PBXFileReference; fileEncoding = 4; lastKnownFileType = sourcecode.c.objc; path = DSAdressMOManager.m; sourceTree = "<group>"; };
		6D00C5151E9FDF740052EB61 /* Location.png */ = {isa = PBXFileReference; lastKnownFileType = image.png; name = Location.png; path = Images/Location.png; sourceTree = "<group>"; };
		6D00C5171EA17B0C0052EB61 /* DSOrdersViewController.h */ = {isa = PBXFileReference; fileEncoding = 4; lastKnownFileType = sourcecode.c.h; path = DSOrdersViewController.h; sourceTree = "<group>"; };
		6D00C5181EA17B0D0052EB61 /* DSOrdersViewController.m */ = {isa = PBXFileReference; fileEncoding = 4; lastKnownFileType = sourcecode.c.objc; path = DSOrdersViewController.m; sourceTree = "<group>"; };
		6D00C51E1EA180550052EB61 /* DSOrdersCell.h */ = {isa = PBXFileReference; fileEncoding = 4; lastKnownFileType = sourcecode.c.h; path = DSOrdersCell.h; sourceTree = "<group>"; };
		6D00C51F1EA180550052EB61 /* DSOrdersCell.m */ = {isa = PBXFileReference; fileEncoding = 4; lastKnownFileType = sourcecode.c.objc; path = DSOrdersCell.m; sourceTree = "<group>"; };
		6D00C5201EA180550052EB61 /* DSOrdersCell.xib */ = {isa = PBXFileReference; fileEncoding = 4; lastKnownFileType = file.xib; path = DSOrdersCell.xib; sourceTree = "<group>"; };
		6DF221171EA5192D0064ED37 /* DSCollectionViewItemCell.h */ = {isa = PBXFileReference; fileEncoding = 4; lastKnownFileType = sourcecode.c.h; path = DSCollectionViewItemCell.h; sourceTree = "<group>"; };
		6DF221181EA5192D0064ED37 /* DSCollectionViewItemCell.m */ = {isa = PBXFileReference; fileEncoding = 4; lastKnownFileType = sourcecode.c.objc; path = DSCollectionViewItemCell.m; sourceTree = "<group>"; };
		6DF221191EA5192D0064ED37 /* DSCollectionViewItemCell.xib */ = {isa = PBXFileReference; fileEncoding = 4; lastKnownFileType = file.xib; path = DSCollectionViewItemCell.xib; sourceTree = "<group>"; };
		6DF2211D1EA6CE930064ED37 /* DSItemsCollectionView.h */ = {isa = PBXFileReference; fileEncoding = 4; lastKnownFileType = sourcecode.c.h; path = DSItemsCollectionView.h; sourceTree = "<group>"; };
		6DF2211E1EA6CE930064ED37 /* DSItemsCollectionView.m */ = {isa = PBXFileReference; fileEncoding = 4; lastKnownFileType = sourcecode.c.objc; path = DSItemsCollectionView.m; sourceTree = "<group>"; };
		9E5414CB9B4A10C249D9C393 /* libPods-Mimimishnosty.a */ = {isa = PBXFileReference; explicitFileType = archive.ar; includeInIndex = 0; path = "libPods-Mimimishnosty.a"; sourceTree = BUILT_PRODUCTS_DIR; };
		B0535E072FA72647C41E1C3A /* Pods-Mimimishnosty.release.xcconfig */ = {isa = PBXFileReference; includeInIndex = 1; lastKnownFileType = text.xcconfig; name = "Pods-Mimimishnosty.release.xcconfig"; path = "Pods/Target Support Files/Pods-Mimimishnosty/Pods-Mimimishnosty.release.xcconfig"; sourceTree = "<group>"; };
/* End PBXFileReference section */

/* Begin PBXFrameworksBuildPhase section */
		6D00998B1E8022A2001E5A50 /* Frameworks */ = {
			isa = PBXFrameworksBuildPhase;
			buildActionMask = 2147483647;
			files = (
				C31E2548AD98707BE32606BA /* libPods-Mimimishnosty.a in Frameworks */,
			);
			runOnlyForDeploymentPostprocessing = 0;
		};
/* End PBXFrameworksBuildPhase section */

/* Begin PBXGroup section */
		164378FA1ECDD4CBF0441A9B /* Pods */ = {
			isa = PBXGroup;
			children = (
				4B471DB22E328CD1278A19AC /* Pods-Mimimishnosty.debug.xcconfig */,
				B0535E072FA72647C41E1C3A /* Pods-Mimimishnosty.release.xcconfig */,
			);
			name = Pods;
			sourceTree = "<group>";
		};
		5FC0DF1FC76BCB91DC4C40DF /* Frameworks */ = {
			isa = PBXGroup;
			children = (
				9E5414CB9B4A10C249D9C393 /* libPods-Mimimishnosty.a */,
			);
			name = Frameworks;
			sourceTree = "<group>";
		};
		6D0099851E8022A2001E5A50 = {
			isa = PBXGroup;
			children = (
				6D0099901E8022A2001E5A50 /* Mimimishnosty */,
				6D00998F1E8022A2001E5A50 /* Products */,
				164378FA1ECDD4CBF0441A9B /* Pods */,
				5FC0DF1FC76BCB91DC4C40DF /* Frameworks */,
			);
			sourceTree = "<group>";
		};
		6D00998F1E8022A2001E5A50 /* Products */ = {
			isa = PBXGroup;
			children = (
				6D00998E1E8022A2001E5A50 /* Mimimishnosty.app */,
			);
			name = Products;
			sourceTree = "<group>";
		};
		6D0099901E8022A2001E5A50 /* Mimimishnosty */ = {
			isa = PBXGroup;
			children = (
				6D0099D71E87FBEB001E5A50 /* Models */,
				6D0099C01E8734F2001E5A50 /* TabViewController */,
				6D0099B21E803131001E5A50 /* Managers */,
				6D0099AB1E8025E2001E5A50 /* Images */,
				6D0099941E8022A2001E5A50 /* AppDelegate.h */,
				6D0099951E8022A2001E5A50 /* AppDelegate.m */,
				6D0099971E8022A2001E5A50 /* ViewController.h */,
				6D0099981E8022A2001E5A50 /* ViewController.m */,
				6D00999A1E8022A2001E5A50 /* Main.storyboard */,
				6D0099A01E8022A3001E5A50 /* Assets.xcassets */,
				6D0099A21E8022A3001E5A50 /* LaunchScreen.storyboard */,
				6D0099A51E8022A3001E5A50 /* Info.plist */,
				6D00999D1E8022A2001E5A50 /* Mimimishnosty.xcdatamodeld */,
				6D0099911E8022A2001E5A50 /* Supporting Files */,
				6D0099DF1E88086A001E5A50 /* Supporting classes */,
			);
			path = Mimimishnosty;
			sourceTree = "<group>";
		};
		6D0099911E8022A2001E5A50 /* Supporting Files */ = {
			isa = PBXGroup;
			children = (
				6D0099921E8022A2001E5A50 /* main.m */,
			);
			name = "Supporting Files";
			sourceTree = "<group>";
		};
		6D0099AB1E8025E2001E5A50 /* Images */ = {
			isa = PBXGroup;
			children = (
				6D00C5151E9FDF740052EB61 /* Location.png */,
				6D00C50C1E9D7DC20052EB61 /* placeOrder.png */,
				6D00C4F71E9A8B550052EB61 /* delivery.png */,
				6D00C4F81E9A8B550052EB61 /* selfDelivery.jpg */,
				6D0099EE1E8B29F3001E5A50 /* defaultPic.png */,
				6D0099C41E87554C001E5A50 /* Orders_Active.png */,
				6D0099C51E87554C001E5A50 /* Orders_Passive.png */,
				6D0099C61E87554C001E5A50 /* Shop_Active.png */,
				6D0099C71E87554C001E5A50 /* Shop_Passive.png */,
				6D0099C81E87554C001E5A50 /* Shoping_Cart_Active.png */,
				6D0099C91E87554C001E5A50 /* Shoping_Cart_Passive.png */,
				6D0099AC1E802613001E5A50 /* Start.jpg */,
			);
			name = Images;
			sourceTree = "<group>";
		};
		6D0099AE1E8029E5001E5A50 /* StartViewController */ = {
			isa = PBXGroup;
			children = (
				6D0099AF1E802A10001E5A50 /* DSStartViewController.h */,
				6D0099B01E802A10001E5A50 /* DSStartViewController.m */,
			);
			name = StartViewController;
			sourceTree = "<group>";
		};
		6D0099B21E803131001E5A50 /* Managers */ = {
			isa = PBXGroup;
			children = (
				6D0099FE1E8F3B24001E5A50 /* DSVKManager */,
				6D009A021E8F3B92001E5A50 /* DSCoreDataManager */,
				6D009A061E913065001E5A50 /* DSMarket */,
			);
			name = Managers;
			sourceTree = "<group>";
		};
		6D0099BC1E809595001E5A50 /* DSVKMarket */ = {
			isa = PBXGroup;
			children = (
				6D0099BD1E8095BE001E5A50 /* DSVKMarket.h */,
				6D0099BE1E8095BE001E5A50 /* DSVKMarket.m */,
			);
			name = DSVKMarket;
			sourceTree = "<group>";
		};
		6D0099C01E8734F2001E5A50 /* TabViewController */ = {
			isa = PBXGroup;
			children = (
				6D0099C11E873547001E5A50 /* DSBarViewController.h */,
				6D0099C21E873547001E5A50 /* DSBarViewController.m */,
				6D0099D31E87567B001E5A50 /* ViewControllers */,
			);
			name = TabViewController;
			sourceTree = "<group>";
		};
		6D0099D31E87567B001E5A50 /* ViewControllers */ = {
			isa = PBXGroup;
			children = (
				6D0099AE1E8029E5001E5A50 /* StartViewController */,
				6D0099E31E88DE56001E5A50 /* Shop */,
				6D0099F31E8C185B001E5A50 /* Item */,
				6D009A161E92A521001E5A50 /* Shoping Cart */,
				6D00C51A1EA17B110052EB61 /* Orders */,
			);
			name = ViewControllers;
			sourceTree = "<group>";
		};
		6D0099D71E87FBEB001E5A50 /* Models */ = {
			isa = PBXGroup;
			children = (
				6D0099DB1E87FC33001E5A50 /* MarketItem */,
			);
			name = Models;
			sourceTree = "<group>";
		};
		6D0099DB1E87FC33001E5A50 /* MarketItem */ = {
			isa = PBXGroup;
			children = (
				6D0099D81E87FC20001E5A50 /* DSMarketItem.h */,
				6D0099D91E87FC20001E5A50 /* DSMarketItem.m */,
			);
			name = MarketItem;
			sourceTree = "<group>";
		};
		6D0099DF1E88086A001E5A50 /* Supporting classes */ = {
			isa = PBXGroup;
			children = (
				6D0099FB1E8DEDDC001E5A50 /* DSPhotoViewerController.h */,
				6D0099FC1E8DEDDC001E5A50 /* DSPhotoViewerController.m */,
				6D0099DC1E880864001E5A50 /* DSPhoto.h */,
				6D0099DD1E880864001E5A50 /* DSPhoto.m */,
				6D0099E01E88DA8C001E5A50 /* NSArray+DSArray.h */,
				6D0099E11E88DA8C001E5A50 /* NSArray+DSArray.m */,
			);
			name = "Supporting classes";
			sourceTree = "<group>";
		};
		6D0099E31E88DE56001E5A50 /* Shop */ = {
			isa = PBXGroup;
			children = (
				6D0099D41E8756F7001E5A50 /* DSShopViewController.h */,
				6D0099D51E8756F7001E5A50 /* DSShopViewController.m */,
				6D0099E41E88DE77001E5A50 /* DSShopCell.h */,
				6D0099E51E88DE77001E5A50 /* DSShopCell.m */,
				6D0099EC1E8B1874001E5A50 /* DSShopCell.xib */,
			);
			name = Shop;
			sourceTree = "<group>";
		};
		6D0099F31E8C185B001E5A50 /* Item */ = {
			isa = PBXGroup;
			children = (
				6D0099F61E8C216A001E5A50 /* DSItemViewController.h */,
				6D0099F71E8C216A001E5A50 /* DSItemViewController.m */,
			);
			name = Item;
			sourceTree = "<group>";
		};
		6D0099FE1E8F3B24001E5A50 /* DSVKManager */ = {
			isa = PBXGroup;
			children = (
				6D0099BC1E809595001E5A50 /* DSVKMarket */,
				6D0099B91E8032D1001E5A50 /* DSVKManager.h */,
				6D0099BA1E8032D1001E5A50 /* DSVKManager.m */,
			);
			name = DSVKManager;
			sourceTree = "<group>";
		};
		6D009A021E8F3B92001E5A50 /* DSCoreDataManager */ = {
			isa = PBXGroup;
			children = (
				6D0099FF1E8F3B80001E5A50 /* DSCoreDataManager.h */,
				6D009A001E8F3B80001E5A50 /* DSCoreDataManager.m */,
			);
			name = DSCoreDataManager;
			sourceTree = "<group>";
		};
		6D009A061E913065001E5A50 /* DSMarket */ = {
			isa = PBXGroup;
			children = (
				6D009A031E91305B001E5A50 /* DSMarket.h */,
				6D009A041E91305B001E5A50 /* DSMarket.m */,
				6D009A0A1E913B86001E5A50 /* DSShopingCart */,
				6D009A0E1E91421F001E5A50 /* DSItemMOManager */,
				6D009A121E91468E001E5A50 /* DSOrderMOManager */,
				6D00C5121E9ED1480052EB61 /* DSAdressMOManager.h */,
				6D00C5131E9ED1480052EB61 /* DSAdressMOManager.m */,
			);
			name = DSMarket;
			sourceTree = "<group>";
		};
		6D009A0A1E913B86001E5A50 /* DSShopingCart */ = {
			isa = PBXGroup;
			children = (
				6D009A071E913B7E001E5A50 /* DSShopingCart.h */,
				6D009A081E913B7E001E5A50 /* DSShopingCart.m */,
			);
			name = DSShopingCart;
			sourceTree = "<group>";
		};
		6D009A0E1E91421F001E5A50 /* DSItemMOManager */ = {
			isa = PBXGroup;
			children = (
				6D009A0B1E91420F001E5A50 /* DSItemMOManager.h */,
				6D009A0C1E91420F001E5A50 /* DSItemMOManager.m */,
			);
			name = DSItemMOManager;
			sourceTree = "<group>";
		};
		6D009A121E91468E001E5A50 /* DSOrderMOManager */ = {
			isa = PBXGroup;
			children = (
				6D009A0F1E914684001E5A50 /* DSOrderMOManager.h */,
				6D009A101E914684001E5A50 /* DSOrderMOManager.m */,
			);
			name = DSOrderMOManager;
			sourceTree = "<group>";
		};
		6D009A161E92A521001E5A50 /* Shoping Cart */ = {
			isa = PBXGroup;
			children = (
				6D009A131E92A513001E5A50 /* DSShopingCartViewController.h */,
				6D009A141E92A513001E5A50 /* DSShopingCartViewController.m */,
				6D009A261E9A7EAE001E5A50 /* Cells */,
				6D00C5111E9E99590052EB61 /* Adress */,
			);
			name = "Shoping Cart";
			sourceTree = "<group>";
		};
		6D009A241E9A7E8A001E5A50 /* Delivery */ = {
			isa = PBXGroup;
			children = (
				6D009A1F1E9A7E79001E5A50 /* DSDeliveryChooseCell.h */,
				6D009A201E9A7E79001E5A50 /* DSDeliveryChooseCell.m */,
				6D009A211E9A7E79001E5A50 /* DSDeliveryChooseCell.xib */,
			);
			name = Delivery;
			sourceTree = "<group>";
		};
		6D009A251E9A7E9F001E5A50 /* Items */ = {
			isa = PBXGroup;
			children = (
				6D009A171E92A575001E5A50 /* DSShopingCartCell.h */,
				6D009A181E92A575001E5A50 /* DSShopingCartCell.m */,
				6D009A191E92A575001E5A50 /* DSShopingCartCell.xib */,
			);
			name = Items;
			sourceTree = "<group>";
		};
		6D009A261E9A7EAE001E5A50 /* Cells */ = {
			isa = PBXGroup;
			children = (
				6D009A251E9A7E9F001E5A50 /* Items */,
				6D009A241E9A7E8A001E5A50 /* Delivery */,
				6D00C5001E9D2F770052EB61 /* Adress */,
				6D00C50B1E9D7CA10052EB61 /* PlaceOrder */,
			);
			name = Cells;
			sourceTree = "<group>";
		};
		6D00C5001E9D2F770052EB61 /* Adress */ = {
			isa = PBXGroup;
			children = (
				6D00C4FB1E9D2F3A0052EB61 /* DSAdressCell.h */,
				6D00C4FC1E9D2F3A0052EB61 /* DSAdressCell.m */,
				6D00C4FD1E9D2F3A0052EB61 /* DSAdressCell.xib */,
			);
			name = Adress;
			sourceTree = "<group>";
		};
		6D00C50B1E9D7CA10052EB61 /* PlaceOrder */ = {
			isa = PBXGroup;
			children = (
				6D00C5061E9D7C990052EB61 /* DSPlaceOrderCell.h */,
				6D00C5071E9D7C990052EB61 /* DSPlaceOrderCell.m */,
				6D00C5081E9D7C990052EB61 /* DSPlaceOrderCell.xib */,
			);
			name = PlaceOrder;
			sourceTree = "<group>";
		};
		6D00C5111E9E99590052EB61 /* Adress */ = {
			isa = PBXGroup;
			children = (
				6D00C50E1E9D86DD0052EB61 /* DSAdressViewController.h */,
				6D00C50F1E9D86DD0052EB61 /* DSAdressViewController.m */,
			);
			name = Adress;
			sourceTree = "<group>";
		};
		6D00C51A1EA17B110052EB61 /* Orders */ = {
			isa = PBXGroup;
			children = (
				6D00C5171EA17B0C0052EB61 /* DSOrdersViewController.h */,
				6D00C5181EA17B0D0052EB61 /* DSOrdersViewController.m */,
				6DF221131EA513580064ED37 /* TableViewCell */,
				6DF2211C1EA51E7C0064ED37 /* CollectionViewCell */,
				6DF2211D1EA6CE930064ED37 /* DSItemsCollectionView.h */,
				6DF2211E1EA6CE930064ED37 /* DSItemsCollectionView.m */,
			);
			name = Orders;
			sourceTree = "<group>";
		};
		6DF221131EA513580064ED37 /* TableViewCell */ = {
			isa = PBXGroup;
			children = (
				6D00C51E1EA180550052EB61 /* DSOrdersCell.h */,
				6D00C51F1EA180550052EB61 /* DSOrdersCell.m */,
				6D00C5201EA180550052EB61 /* DSOrdersCell.xib */,
			);
			name = TableViewCell;
			sourceTree = "<group>";
		};
		6DF2211C1EA51E7C0064ED37 /* CollectionViewCell */ = {
			isa = PBXGroup;
			children = (
				6DF221171EA5192D0064ED37 /* DSCollectionViewItemCell.h */,
				6DF221181EA5192D0064ED37 /* DSCollectionViewItemCell.m */,
				6DF221191EA5192D0064ED37 /* DSCollectionViewItemCell.xib */,
			);
			name = CollectionViewCell;
			sourceTree = "<group>";
		};
/* End PBXGroup section */

/* Begin PBXNativeTarget section */
		6D00998D1E8022A2001E5A50 /* Mimimishnosty */ = {
			isa = PBXNativeTarget;
			buildConfigurationList = 6D0099A81E8022A3001E5A50 /* Build configuration list for PBXNativeTarget "Mimimishnosty" */;
			buildPhases = (
				1F27E5F8CC2F8FE0F2B7CF68 /* [CP] Check Pods Manifest.lock */,
				6D00998A1E8022A2001E5A50 /* Sources */,
				6D00998B1E8022A2001E5A50 /* Frameworks */,
				6D00998C1E8022A2001E5A50 /* Resources */,
				1600BE2F1D619E9D4EA13DCB /* [CP] Embed Pods Frameworks */,
				B2350525FAA9E023C77F4973 /* [CP] Copy Pods Resources */,
			);
			buildRules = (
			);
			dependencies = (
			);
			name = Mimimishnosty;
			productName = Mimimishnosty;
			productReference = 6D00998E1E8022A2001E5A50 /* Mimimishnosty.app */;
			productType = "com.apple.product-type.application";
		};
/* End PBXNativeTarget section */

/* Begin PBXProject section */
		6D0099861E8022A2001E5A50 /* Project object */ = {
			isa = PBXProject;
			attributes = {
				LastUpgradeCheck = 0820;
				ORGANIZATIONNAME = "Dmitry Sharygin";
				TargetAttributes = {
					6D00998D1E8022A2001E5A50 = {
						CreatedOnToolsVersion = 8.2.1;
						DevelopmentTeam = 8QFJA27NFJ;
						ProvisioningStyle = Automatic;
					};
				};
			};
			buildConfigurationList = 6D0099891E8022A2001E5A50 /* Build configuration list for PBXProject "Mimimishnosty" */;
			compatibilityVersion = "Xcode 3.2";
			developmentRegion = English;
			hasScannedForEncodings = 0;
			knownRegions = (
				en,
				Base,
			);
			mainGroup = 6D0099851E8022A2001E5A50;
			productRefGroup = 6D00998F1E8022A2001E5A50 /* Products */;
			projectDirPath = "";
			projectRoot = "";
			targets = (
				6D00998D1E8022A2001E5A50 /* Mimimishnosty */,
			);
		};
/* End PBXProject section */

/* Begin PBXResourcesBuildPhase section */
		6D00998C1E8022A2001E5A50 /* Resources */ = {
			isa = PBXResourcesBuildPhase;
			buildActionMask = 2147483647;
			files = (
				6D00C4F91E9A8B550052EB61 /* delivery.png in Resources */,
				6D0099CA1E87554C001E5A50 /* Orders_Active.png in Resources */,
				6D0099CE1E87554C001E5A50 /* Shoping_Cart_Active.png in Resources */,
				6D0099A41E8022A3001E5A50 /* LaunchScreen.storyboard in Resources */,
				6D009A1B1E92A575001E5A50 /* DSShopingCartCell.xib in Resources */,
				6D0099AD1E802613001E5A50 /* Start.jpg in Resources */,
				6D0099ED1E8B1874001E5A50 /* DSShopCell.xib in Resources */,
				6D00C50D1E9D7DC20052EB61 /* placeOrder.png in Resources */,
				6D0099A11E8022A3001E5A50 /* Assets.xcassets in Resources */,
				6D0099EF1E8B29F3001E5A50 /* defaultPic.png in Resources */,
				6D0099CC1E87554C001E5A50 /* Shop_Active.png in Resources */,
				6D009A231E9A7E79001E5A50 /* DSDeliveryChooseCell.xib in Resources */,
				6D00C5161E9FDF740052EB61 /* Location.png in Resources */,
				6D00C50A1E9D7C990052EB61 /* DSPlaceOrderCell.xib in Resources */,
				6D00C4FF1E9D2F3A0052EB61 /* DSAdressCell.xib in Resources */,
				6D0099CF1E87554C001E5A50 /* Shoping_Cart_Passive.png in Resources */,
				6D0099CB1E87554C001E5A50 /* Orders_Passive.png in Resources */,
				6D00C5221EA180550052EB61 /* DSOrdersCell.xib in Resources */,
				6DF2211B1EA5192D0064ED37 /* DSCollectionViewItemCell.xib in Resources */,
				6D00C4FA1E9A8B550052EB61 /* selfDelivery.jpg in Resources */,
				6D00999C1E8022A2001E5A50 /* Main.storyboard in Resources */,
				6D0099CD1E87554C001E5A50 /* Shop_Passive.png in Resources */,
			);
			runOnlyForDeploymentPostprocessing = 0;
		};
/* End PBXResourcesBuildPhase section */

/* Begin PBXShellScriptBuildPhase section */
		1600BE2F1D619E9D4EA13DCB /* [CP] Embed Pods Frameworks */ = {
			isa = PBXShellScriptBuildPhase;
			buildActionMask = 2147483647;
			files = (
			);
			inputPaths = (
			);
			name = "[CP] Embed Pods Frameworks";
			outputPaths = (
			);
			runOnlyForDeploymentPostprocessing = 0;
			shellPath = /bin/sh;
			shellScript = "\"${SRCROOT}/Pods/Target Support Files/Pods-Mimimishnosty/Pods-Mimimishnosty-frameworks.sh\"\n";
			showEnvVarsInLog = 0;
		};
		1F27E5F8CC2F8FE0F2B7CF68 /* [CP] Check Pods Manifest.lock */ = {
			isa = PBXShellScriptBuildPhase;
			buildActionMask = 2147483647;
			files = (
			);
			inputPaths = (
			);
			name = "[CP] Check Pods Manifest.lock";
			outputPaths = (
			);
			runOnlyForDeploymentPostprocessing = 0;
			shellPath = /bin/sh;
			shellScript = "diff \"${PODS_ROOT}/../Podfile.lock\" \"${PODS_ROOT}/Manifest.lock\" > /dev/null\nif [ $? != 0 ] ; then\n    # print error to STDERR\n    echo \"error: The sandbox is not in sync with the Podfile.lock. Run 'pod install' or update your CocoaPods installation.\" >&2\n    exit 1\nfi\n";
			showEnvVarsInLog = 0;
		};
		B2350525FAA9E023C77F4973 /* [CP] Copy Pods Resources */ = {
			isa = PBXShellScriptBuildPhase;
			buildActionMask = 2147483647;
			files = (
			);
			inputPaths = (
			);
			name = "[CP] Copy Pods Resources";
			outputPaths = (
			);
			runOnlyForDeploymentPostprocessing = 0;
			shellPath = /bin/sh;
			shellScript = "\"${SRCROOT}/Pods/Target Support Files/Pods-Mimimishnosty/Pods-Mimimishnosty-resources.sh\"\n";
			showEnvVarsInLog = 0;
		};
/* End PBXShellScriptBuildPhase section */

/* Begin PBXSourcesBuildPhase section */
		6D00998A1E8022A2001E5A50 /* Sources */ = {
			isa = PBXSourcesBuildPhase;
			buildActionMask = 2147483647;
			files = (
				6D00999F1E8022A2001E5A50 /* Mimimishnosty.xcdatamodeld in Sources */,
				6D0099E21E88DA8C001E5A50 /* NSArray+DSArray.m in Sources */,
				6D0099DE1E880864001E5A50 /* DSPhoto.m in Sources */,
				6D00C5101E9D86DD0052EB61 /* DSAdressViewController.m in Sources */,
				6D009A221E9A7E79001E5A50 /* DSDeliveryChooseCell.m in Sources */,
				6D009A011E8F3B80001E5A50 /* DSCoreDataManager.m in Sources */,
				6D0099FD1E8DEDDC001E5A50 /* DSPhotoViewerController.m in Sources */,
				6D0099DA1E87FC20001E5A50 /* DSMarketItem.m in Sources */,
				6D0099BB1E8032D1001E5A50 /* DSVKManager.m in Sources */,
				6DF2211A1EA5192D0064ED37 /* DSCollectionViewItemCell.m in Sources */,
				6D009A091E913B7E001E5A50 /* DSShopingCart.m in Sources */,
				6D00C5091E9D7C990052EB61 /* DSPlaceOrderCell.m in Sources */,
				6D0099991E8022A2001E5A50 /* ViewController.m in Sources */,
				6D00C4FE1E9D2F3A0052EB61 /* DSAdressCell.m in Sources */,
				6D0099C31E873547001E5A50 /* DSBarViewController.m in Sources */,
				6D009A0D1E91420F001E5A50 /* DSItemMOManager.m in Sources */,
				6D0099B11E802A10001E5A50 /* DSStartViewController.m in Sources */,
				6D0099BF1E8095BE001E5A50 /* DSVKMarket.m in Sources */,
				6D009A051E91305B001E5A50 /* DSMarket.m in Sources */,
				6D009A151E92A513001E5A50 /* DSShopingCartViewController.m in Sources */,
				6D00C5211EA180550052EB61 /* DSOrdersCell.m in Sources */,
				6D0099E61E88DE77001E5A50 /* DSShopCell.m in Sources */,
				6D009A111E914684001E5A50 /* DSOrderMOManager.m in Sources */,
				6D0099961E8022A2001E5A50 /* AppDelegate.m in Sources */,
				6D0099D61E8756F7001E5A50 /* DSShopViewController.m in Sources */,
				6D009A1A1E92A575001E5A50 /* DSShopingCartCell.m in Sources */,
				6DF2211F1EA6CE930064ED37 /* DSItemsCollectionView.m in Sources */,
				6D00C5191EA17B0D0052EB61 /* DSOrdersViewController.m in Sources */,
				6D0099F91E8C216A001E5A50 /* DSItemViewController.m in Sources */,
				6D0099931E8022A2001E5A50 /* main.m in Sources */,
				6D00C5141E9ED1480052EB61 /* DSAdressMOManager.m in Sources */,
			);
			runOnlyForDeploymentPostprocessing = 0;
		};
/* End PBXSourcesBuildPhase section */

/* Begin PBXVariantGroup section */
		6D00999A1E8022A2001E5A50 /* Main.storyboard */ = {
			isa = PBXVariantGroup;
			children = (
				6D00999B1E8022A2001E5A50 /* Base */,
			);
			name = Main.storyboard;
			sourceTree = "<group>";
		};
		6D0099A21E8022A3001E5A50 /* LaunchScreen.storyboard */ = {
			isa = PBXVariantGroup;
			children = (
				6D0099A31E8022A3001E5A50 /* Base */,
			);
			name = LaunchScreen.storyboard;
			sourceTree = "<group>";
		};
/* End PBXVariantGroup section */

/* Begin XCBuildConfiguration section */
		6D0099A61E8022A3001E5A50 /* Debug */ = {
			isa = XCBuildConfiguration;
			buildSettings = {
				ALWAYS_SEARCH_USER_PATHS = NO;
				CLANG_ANALYZER_NONNULL = YES;
				CLANG_CXX_LANGUAGE_STANDARD = "gnu++0x";
				CLANG_CXX_LIBRARY = "libc++";
				CLANG_ENABLE_MODULES = YES;
				CLANG_ENABLE_OBJC_ARC = YES;
				CLANG_WARN_BOOL_CONVERSION = YES;
				CLANG_WARN_CONSTANT_CONVERSION = YES;
				CLANG_WARN_DIRECT_OBJC_ISA_USAGE = YES_ERROR;
				CLANG_WARN_DOCUMENTATION_COMMENTS = YES;
				CLANG_WARN_EMPTY_BODY = YES;
				CLANG_WARN_ENUM_CONVERSION = YES;
				CLANG_WARN_INFINITE_RECURSION = YES;
				CLANG_WARN_INT_CONVERSION = YES;
				CLANG_WARN_OBJC_ROOT_CLASS = YES_ERROR;
				CLANG_WARN_SUSPICIOUS_MOVE = YES;
				CLANG_WARN_UNREACHABLE_CODE = YES;
				CLANG_WARN__DUPLICATE_METHOD_MATCH = YES;
				"CODE_SIGN_IDENTITY[sdk=iphoneos*]" = "iPhone Developer";
				COPY_PHASE_STRIP = NO;
				DEBUG_INFORMATION_FORMAT = dwarf;
				ENABLE_STRICT_OBJC_MSGSEND = YES;
				ENABLE_TESTABILITY = YES;
				GCC_C_LANGUAGE_STANDARD = gnu99;
				GCC_DYNAMIC_NO_PIC = NO;
				GCC_NO_COMMON_BLOCKS = YES;
				GCC_OPTIMIZATION_LEVEL = 0;
				GCC_PREPROCESSOR_DEFINITIONS = (
					"DEBUG=1",
					"$(inherited)",
				);
				GCC_WARN_64_TO_32_BIT_CONVERSION = YES;
				GCC_WARN_ABOUT_RETURN_TYPE = YES_ERROR;
				GCC_WARN_UNDECLARED_SELECTOR = YES;
				GCC_WARN_UNINITIALIZED_AUTOS = YES_AGGRESSIVE;
				GCC_WARN_UNUSED_FUNCTION = YES;
				GCC_WARN_UNUSED_VARIABLE = YES;
				IPHONEOS_DEPLOYMENT_TARGET = 10.2;
				MTL_ENABLE_DEBUG_INFO = YES;
				ONLY_ACTIVE_ARCH = YES;
				SDKROOT = iphoneos;
				TARGETED_DEVICE_FAMILY = "1,2";
			};
			name = Debug;
		};
		6D0099A71E8022A3001E5A50 /* Release */ = {
			isa = XCBuildConfiguration;
			buildSettings = {
				ALWAYS_SEARCH_USER_PATHS = NO;
				CLANG_ANALYZER_NONNULL = YES;
				CLANG_CXX_LANGUAGE_STANDARD = "gnu++0x";
				CLANG_CXX_LIBRARY = "libc++";
				CLANG_ENABLE_MODULES = YES;
				CLANG_ENABLE_OBJC_ARC = YES;
				CLANG_WARN_BOOL_CONVERSION = YES;
				CLANG_WARN_CONSTANT_CONVERSION = YES;
				CLANG_WARN_DIRECT_OBJC_ISA_USAGE = YES_ERROR;
				CLANG_WARN_DOCUMENTATION_COMMENTS = YES;
				CLANG_WARN_EMPTY_BODY = YES;
				CLANG_WARN_ENUM_CONVERSION = YES;
				CLANG_WARN_INFINITE_RECURSION = YES;
				CLANG_WARN_INT_CONVERSION = YES;
				CLANG_WARN_OBJC_ROOT_CLASS = YES_ERROR;
				CLANG_WARN_SUSPICIOUS_MOVE = YES;
				CLANG_WARN_UNREACHABLE_CODE = YES;
				CLANG_WARN__DUPLICATE_METHOD_MATCH = YES;
				"CODE_SIGN_IDENTITY[sdk=iphoneos*]" = "iPhone Developer";
				COPY_PHASE_STRIP = NO;
				DEBUG_INFORMATION_FORMAT = "dwarf-with-dsym";
				ENABLE_NS_ASSERTIONS = NO;
				ENABLE_STRICT_OBJC_MSGSEND = YES;
				GCC_C_LANGUAGE_STANDARD = gnu99;
				GCC_NO_COMMON_BLOCKS = YES;
				GCC_WARN_64_TO_32_BIT_CONVERSION = YES;
				GCC_WARN_ABOUT_RETURN_TYPE = YES_ERROR;
				GCC_WARN_UNDECLARED_SELECTOR = YES;
				GCC_WARN_UNINITIALIZED_AUTOS = YES_AGGRESSIVE;
				GCC_WARN_UNUSED_FUNCTION = YES;
				GCC_WARN_UNUSED_VARIABLE = YES;
				IPHONEOS_DEPLOYMENT_TARGET = 10.2;
				MTL_ENABLE_DEBUG_INFO = NO;
				SDKROOT = iphoneos;
				TARGETED_DEVICE_FAMILY = "1,2";
				VALIDATE_PRODUCT = YES;
			};
			name = Release;
		};
		6D0099A91E8022A3001E5A50 /* Debug */ = {
			isa = XCBuildConfiguration;
			baseConfigurationReference = 4B471DB22E328CD1278A19AC /* Pods-Mimimishnosty.debug.xcconfig */;
			buildSettings = {
				ASSETCATALOG_COMPILER_APPICON_NAME = AppIcon;
				DEVELOPMENT_TEAM = 8QFJA27NFJ;
				INFOPLIST_FILE = Mimimishnosty/Info.plist;
				LD_RUNPATH_SEARCH_PATHS = "$(inherited) @executable_path/Frameworks";
				PRODUCT_BUNDLE_IDENTIFIER = com.sdu.Mimimishnosty;
				PRODUCT_NAME = "$(TARGET_NAME)";
			};
			name = Debug;
		};
		6D0099AA1E8022A3001E5A50 /* Release */ = {
			isa = XCBuildConfiguration;
			baseConfigurationReference = B0535E072FA72647C41E1C3A /* Pods-Mimimishnosty.release.xcconfig */;
			buildSettings = {
				ASSETCATALOG_COMPILER_APPICON_NAME = AppIcon;
				DEVELOPMENT_TEAM = 8QFJA27NFJ;
				INFOPLIST_FILE = Mimimishnosty/Info.plist;
				LD_RUNPATH_SEARCH_PATHS = "$(inherited) @executable_path/Frameworks";
				PRODUCT_BUNDLE_IDENTIFIER = com.sdu.Mimimishnosty;
				PRODUCT_NAME = "$(TARGET_NAME)";
			};
			name = Release;
		};
/* End XCBuildConfiguration section */

/* Begin XCConfigurationList section */
		6D0099891E8022A2001E5A50 /* Build configuration list for PBXProject "Mimimishnosty" */ = {
			isa = XCConfigurationList;
			buildConfigurations = (
				6D0099A61E8022A3001E5A50 /* Debug */,
				6D0099A71E8022A3001E5A50 /* Release */,
			);
			defaultConfigurationIsVisible = 0;
			defaultConfigurationName = Release;
		};
		6D0099A81E8022A3001E5A50 /* Build configuration list for PBXNativeTarget "Mimimishnosty" */ = {
			isa = XCConfigurationList;
			buildConfigurations = (
				6D0099A91E8022A3001E5A50 /* Debug */,
				6D0099AA1E8022A3001E5A50 /* Release */,
			);
			defaultConfigurationIsVisible = 0;
			defaultConfigurationName = Release;
		};
/* End XCConfigurationList section */

/* Begin XCVersionGroup section */
		6D00999D1E8022A2001E5A50 /* Mimimishnosty.xcdatamodeld */ = {
			isa = XCVersionGroup;
			children = (
				6D00999E1E8022A2001E5A50 /* Mimimishnosty.xcdatamodel */,
			);
			currentVersion = 6D00999E1E8022A2001E5A50 /* Mimimishnosty.xcdatamodel */;
			path = Mimimishnosty.xcdatamodeld;
			sourceTree = "<group>";
			versionGroupType = wrapper.xcdatamodel;
		};
/* End XCVersionGroup section */
	};
	rootObject = 6D0099861E8022A2001E5A50 /* Project object */;
}
