// !$*UTF8*$!
{
	archiveVersion = 1;
	classes = {
	};
	objectVersion = 46;
	objects = {

/* Begin PBXBuildFile section */
		6D0099931E8022A2001E5A50 /* main.m in Sources */ = {isa = PBXBuildFile; fileRef = 6D0099921E8022A2001E5A50 /* main.m */; };
		6D0099961E8022A2001E5A50 /* AppDelegate.m in Sources */ = {isa = PBXBuildFile; fileRef = 6D0099951E8022A2001E5A50 /* AppDelegate.m */; };
		6D0099991E8022A2001E5A50 /* ViewController.m in Sources */ = {isa = PBXBuildFile; fileRef = 6D0099981E8022A2001E5A50 /* ViewController.m */; };
		6D00999C1E8022A2001E5A50 /* Main.storyboard in Resources */ = {isa = PBXBuildFile; fileRef = 6D00999A1E8022A2001E5A50 /* Main.storyboard */; };
		6D00999F1E8022A2001E5A50 /* Mimimishnosty.xcdatamodeld in Sources */ = {isa = PBXBuildFile; fileRef = 6D00999D1E8022A2001E5A50 /* Mimimishnosty.xcdatamodeld */; };
		6D0099A11E8022A3001E5A50 /* Assets.xcassets in Resources */ = {isa = PBXBuildFile; fileRef = 6D0099A01E8022A3001E5A50 /* Assets.xcassets */; };
		6D0099A41E8022A3001E5A50 /* LaunchScreen.storyboard in Resources */ = {isa = PBXBuildFile; fileRef = 6D0099A21E8022A3001E5A50 /* LaunchScreen.storyboard */; };
/* End PBXBuildFile section */

/* Begin PBXFileReference section */
		6D00998E1E8022A2001E5A50 /* Mimimishnosty.app */ = {isa = PBXFileReference; explicitFileType = wrapper.application; includeInIndex = 0; path = Mimimishnosty.app; sourceTree = BUILT_PRODUCTS_DIR; };
		6D0099921E8022A2001E5A50 /* main.m */ = {isa = PBXFileReference; lastKnownFileType = sourcecode.c.objc; path = main.m; sourceTree = "<group>"; };
		6D0099941E8022A2001E5A50 /* AppDelegate.h */ = {isa = PBXFileReference; lastKnownFileType = sourcecode.c.h; path = AppDelegate.h; sourceTree = "<group>"; };
		6D0099951E8022A2001E5A50 /* AppDelegate.m */ = {isa = PBXFileReference; lastKnownFileType = sourcecode.c.objc; path = AppDelegate.m; sourceTree = "<group>"; };
		6D0099971E8022A2001E5A50 /* ViewController.h */ = {isa = PBXFileReference; lastKnownFileType = sourcecode.c.h; path = ViewController.h; sourceTree = "<group>"; };
		6D0099981E8022A2001E5A50 /* ViewController.m */ = {isa = PBXFileReference; lastKnownFileType = sourcecode.c.objc; path = ViewController.m; sourceTree = "<group>"; };
		6D00999B1E8022A2001E5A50 /* Base */ = {isa = PBXFileReference; lastKnownFileType = file.storyboard; name = Base; path = Base.lproj/Main.storyboard; sourceTree = "<group>"; };
		6D00999E1E8022A2001E5A50 /* Mimimishnosty.xcdatamodel */ = {isa = PBXFileReference; lastKnownFileType = wrapper.xcdatamodel; path = Mimimishnosty.xcdatamodel; sourceTree = "<group>"; };
		6D0099A01E8022A3001E5A50 /* Assets.xcassets */ = {isa = PBXFileReference; lastKnownFileType = folder.assetcatalog; path = Assets.xcassets; sourceTree = "<group>"; };
		6D0099A31E8022A3001E5A50 /* Base */ = {isa = PBXFileReference; lastKnownFileType = file.storyboard; name = Base; path = Base.lproj/LaunchScreen.storyboard; sourceTree = "<group>"; };
		6D0099A51E8022A3001E5A50 /* Info.plist */ = {isa = PBXFileReference; lastKnownFileType = text.plist.xml; path = Info.plist; sourceTree = "<group>"; };
/* End PBXFileReference section */

/* Begin PBXFrameworksBuildPhase section */
		6D00998B1E8022A2001E5A50 /* Frameworks */ = {
			isa = PBXFrameworksBuildPhase;
			buildActionMask = 2147483647;
			files = (
			);
			runOnlyForDeploymentPostprocessing = 0;
		};
/* End PBXFrameworksBuildPhase section */

/* Begin PBXGroup section */
		6D0099851E8022A2001E5A50 = {
			isa = PBXGroup;
			children = (
				6D0099901E8022A2001E5A50 /* Mimimishnosty */,
				6D00998F1E8022A2001E5A50 /* Products */,
			);
			sourceTree = "<group>";
		};
		6D00998F1E8022A2001E5A50 /* Products */ = {
			isa = PBXGroup;
			children = (
				6D00998E1E8022A2001E5A50 /* Mimimishnosty.app */,
			);
			name = Products;
			sourceTree = "<group>";
		};
		6D0099901E8022A2001E5A50 /* Mimimishnosty */ = {
			isa = PBXGroup;
			children = (
				6D0099941E8022A2001E5A50 /* AppDelegate.h */,
				6D0099951E8022A2001E5A50 /* AppDelegate.m */,
				6D0099971E8022A2001E5A50 /* ViewController.h */,
				6D0099981E8022A2001E5A50 /* ViewController.m */,
				6D00999A1E8022A2001E5A50 /* Main.storyboard */,
				6D0099A01E8022A3001E5A50 /* Assets.xcassets */,
				6D0099A21E8022A3001E5A50 /* LaunchScreen.storyboard */,
				6D0099A51E8022A3001E5A50 /* Info.plist */,
				6D00999D1E8022A2001E5A50 /* Mimimishnosty.xcdatamodeld */,
				6D0099911E8022A2001E5A50 /* Supporting Files */,
			);
			path = Mimimishnosty;
			sourceTree = "<group>";
		};
		6D0099911E8022A2001E5A50 /* Supporting Files */ = {
			isa = PBXGroup;
			children = (
				6D0099921E8022A2001E5A50 /* main.m */,
			);
			name = "Supporting Files";
			sourceTree = "<group>";
		};
/* End PBXGroup section */

/* Begin PBXNativeTarget section */
		6D00998D1E8022A2001E5A50 /* Mimimishnosty */ = {
			isa = PBXNativeTarget;
			buildConfigurationList = 6D0099A81E8022A3001E5A50 /* Build configuration list for PBXNativeTarget "Mimimishnosty" */;
			buildPhases = (
				6D00998A1E8022A2001E5A50 /* Sources */,
				6D00998B1E8022A2001E5A50 /* Frameworks */,
				6D00998C1E8022A2001E5A50 /* Resources */,
			);
			buildRules = (
			);
			dependencies = (
			);
			name = Mimimishnosty;
			productName = Mimimishnosty;
			productReference = 6D00998E1E8022A2001E5A50 /* Mimimishnosty.app */;
			productType = "com.apple.product-type.application";
		};
/* End PBXNativeTarget section */

/* Begin PBXProject section */
		6D0099861E8022A2001E5A50 /* Project object */ = {
			isa = PBXProject;
			attributes = {
				LastUpgradeCheck = 0820;
				ORGANIZATIONNAME = "Dmitry Sharygin";
				TargetAttributes = {
					6D00998D1E8022A2001E5A50 = {
						CreatedOnToolsVersion = 8.2.1;
						DevelopmentTeam = 8QFJA27NFJ;
						ProvisioningStyle = Automatic;
					};
				};
			};
			buildConfigurationList = 6D0099891E8022A2001E5A50 /* Build configuration list for PBXProject "Mimimishnosty" */;
			compatibilityVersion = "Xcode 3.2";
			developmentRegion = English;
			hasScannedForEncodings = 0;
			knownRegions = (
				en,
				Base,
			);
			mainGroup = 6D0099851E8022A2001E5A50;
			productRefGroup = 6D00998F1E8022A2001E5A50 /* Products */;
			projectDirPath = "";
			projectRoot = "";
			targets = (
				6D00998D1E8022A2001E5A50 /* Mimimishnosty */,
			);
		};
/* End PBXProject section */

/* Begin PBXResourcesBuildPhase section */
		6D00998C1E8022A2001E5A50 /* Resources */ = {
			isa = PBXResourcesBuildPhase;
			buildActionMask = 2147483647;
			files = (
				6D0099A41E8022A3001E5A50 /* LaunchScreen.storyboard in Resources */,
				6D0099A11E8022A3001E5A50 /* Assets.xcassets in Resources */,
				6D00999C1E8022A2001E5A50 /* Main.storyboard in Resources */,
			);
			runOnlyForDeploymentPostprocessing = 0;
		};
/* End PBXResourcesBuildPhase section */

/* Begin PBXSourcesBuildPhase section */
		6D00998A1E8022A2001E5A50 /* Sources */ = {
			isa = PBXSourcesBuildPhase;
			buildActionMask = 2147483647;
			files = (
				6D00999F1E8022A2001E5A50 /* Mimimishnosty.xcdatamodeld in Sources */,
				6D0099991E8022A2001E5A50 /* ViewController.m in Sources */,
				6D0099961E8022A2001E5A50 /* AppDelegate.m in Sources */,
				6D0099931E8022A2001E5A50 /* main.m in Sources */,
			);
			runOnlyForDeploymentPostprocessing = 0;
		};
/* End PBXSourcesBuildPhase section */

/* Begin PBXVariantGroup section */
		6D00999A1E8022A2001E5A50 /* Main.storyboard */ = {
			isa = PBXVariantGroup;
			children = (
				6D00999B1E8022A2001E5A50 /* Base */,
			);
			name = Main.storyboard;
			sourceTree = "<group>";
		};
		6D0099A21E8022A3001E5A50 /* LaunchScreen.storyboard */ = {
			isa = PBXVariantGroup;
			children = (
				6D0099A31E8022A3001E5A50 /* Base */,
			);
			name = LaunchScreen.storyboard;
			sourceTree = "<group>";
		};
/* End PBXVariantGroup section */

/* Begin XCBuildConfiguration section */
		6D0099A61E8022A3001E5A50 /* Debug */ = {
			isa = XCBuildConfiguration;
			buildSettings = {
				ALWAYS_SEARCH_USER_PATHS = NO;
				CLANG_ANALYZER_NONNULL = YES;
				CLANG_CXX_LANGUAGE_STANDARD = "gnu++0x";
				CLANG_CXX_LIBRARY = "libc++";
				CLANG_ENABLE_MODULES = YES;
				CLANG_ENABLE_OBJC_ARC = YES;
				CLANG_WARN_BOOL_CONVERSION = YES;
				CLANG_WARN_CONSTANT_CONVERSION = YES;
				CLANG_WARN_DIRECT_OBJC_ISA_USAGE = YES_ERROR;
				CLANG_WARN_DOCUMENTATION_COMMENTS = YES;
				CLANG_WARN_EMPTY_BODY = YES;
				CLANG_WARN_ENUM_CONVERSION = YES;
				CLANG_WARN_INFINITE_RECURSION = YES;
				CLANG_WARN_INT_CONVERSION = YES;
				CLANG_WARN_OBJC_ROOT_CLASS = YES_ERROR;
				CLANG_WARN_SUSPICIOUS_MOVE = YES;
				CLANG_WARN_UNREACHABLE_CODE = YES;
				CLANG_WARN__DUPLICATE_METHOD_MATCH = YES;
				"CODE_SIGN_IDENTITY[sdk=iphoneos*]" = "iPhone Developer";
				COPY_PHASE_STRIP = NO;
				DEBUG_INFORMATION_FORMAT = dwarf;
				ENABLE_STRICT_OBJC_MSGSEND = YES;
				ENABLE_TESTABILITY = YES;
				GCC_C_LANGUAGE_STANDARD = gnu99;
				GCC_DYNAMIC_NO_PIC = NO;
				GCC_NO_COMMON_BLOCKS = YES;
				GCC_OPTIMIZATION_LEVEL = 0;
				GCC_PREPROCESSOR_DEFINITIONS = (
					"DEBUG=1",
					"$(inherited)",
				);
				GCC_WARN_64_TO_32_BIT_CONVERSION = YES;
				GCC_WARN_ABOUT_RETURN_TYPE = YES_ERROR;
				GCC_WARN_UNDECLARED_SELECTOR = YES;
				GCC_WARN_UNINITIALIZED_AUTOS = YES_AGGRESSIVE;
				GCC_WARN_UNUSED_FUNCTION = YES;
				GCC_WARN_UNUSED_VARIABLE = YES;
				IPHONEOS_DEPLOYMENT_TARGET = 10.2;
				MTL_ENABLE_DEBUG_INFO = YES;
				ONLY_ACTIVE_ARCH = YES;
				SDKROOT = iphoneos;
				TARGETED_DEVICE_FAMILY = "1,2";
			};
			name = Debug;
		};
		6D0099A71E8022A3001E5A50 /* Release */ = {
			isa = XCBuildConfiguration;
			buildSettings = {
				ALWAYS_SEARCH_USER_PATHS = NO;
				CLANG_ANALYZER_NONNULL = YES;
				CLANG_CXX_LANGUAGE_STANDARD = "gnu++0x";
				CLANG_CXX_LIBRARY = "libc++";
				CLANG_ENABLE_MODULES = YES;
				CLANG_ENABLE_OBJC_ARC = YES;
				CLANG_WARN_BOOL_CONVERSION = YES;
				CLANG_WARN_CONSTANT_CONVERSION = YES;
				CLANG_WARN_DIRECT_OBJC_ISA_USAGE = YES_ERROR;
				CLANG_WARN_DOCUMENTATION_COMMENTS = YES;
				CLANG_WARN_EMPTY_BODY = YES;
				CLANG_WARN_ENUM_CONVERSION = YES;
				CLANG_WARN_INFINITE_RECURSION = YES;
				CLANG_WARN_INT_CONVERSION = YES;
				CLANG_WARN_OBJC_ROOT_CLASS = YES_ERROR;
				CLANG_WARN_SUSPICIOUS_MOVE = YES;
				CLANG_WARN_UNREACHABLE_CODE = YES;
				CLANG_WARN__DUPLICATE_METHOD_MATCH = YES;
				"CODE_SIGN_IDENTITY[sdk=iphoneos*]" = "iPhone Developer";
				COPY_PHASE_STRIP = NO;
				DEBUG_INFORMATION_FORMAT = "dwarf-with-dsym";
				ENABLE_NS_ASSERTIONS = NO;
				ENABLE_STRICT_OBJC_MSGSEND = YES;
				GCC_C_LANGUAGE_STANDARD = gnu99;
				GCC_NO_COMMON_BLOCKS = YES;
				GCC_WARN_64_TO_32_BIT_CONVERSION = YES;
				GCC_WARN_ABOUT_RETURN_TYPE = YES_ERROR;
				GCC_WARN_UNDECLARED_SELECTOR = YES;
				GCC_WARN_UNINITIALIZED_AUTOS = YES_AGGRESSIVE;
				GCC_WARN_UNUSED_FUNCTION = YES;
				GCC_WARN_UNUSED_VARIABLE = YES;
				IPHONEOS_DEPLOYMENT_TARGET = 10.2;
				MTL_ENABLE_DEBUG_INFO = NO;
				SDKROOT = iphoneos;
				TARGETED_DEVICE_FAMILY = "1,2";
				VALIDATE_PRODUCT = YES;
			};
			name = Release;
		};
		6D0099A91E8022A3001E5A50 /* Debug */ = {
			isa = XCBuildConfiguration;
			buildSettings = {
				ASSETCATALOG_COMPILER_APPICON_NAME = AppIcon;
				DEVELOPMENT_TEAM = 8QFJA27NFJ;
				INFOPLIST_FILE = Mimimishnosty/Info.plist;
				LD_RUNPATH_SEARCH_PATHS = "$(inherited) @executable_path/Frameworks";
				PRODUCT_BUNDLE_IDENTIFIER = com.sdu.Mimimishnosty;
				PRODUCT_NAME = "$(TARGET_NAME)";
			};
			name = Debug;
		};
		6D0099AA1E8022A3001E5A50 /* Release */ = {
			isa = XCBuildConfiguration;
			buildSettings = {
				ASSETCATALOG_COMPILER_APPICON_NAME = AppIcon;
				DEVELOPMENT_TEAM = 8QFJA27NFJ;
				INFOPLIST_FILE = Mimimishnosty/Info.plist;
				LD_RUNPATH_SEARCH_PATHS = "$(inherited) @executable_path/Frameworks";
				PRODUCT_BUNDLE_IDENTIFIER = com.sdu.Mimimishnosty;
				PRODUCT_NAME = "$(TARGET_NAME)";
			};
			name = Release;
		};
/* End XCBuildConfiguration section */

/* Begin XCConfigurationList section */
		6D0099891E8022A2001E5A50 /* Build configuration list for PBXProject "Mimimishnosty" */ = {
			isa = XCConfigurationList;
			buildConfigurations = (
				6D0099A61E8022A3001E5A50 /* Debug */,
				6D0099A71E8022A3001E5A50 /* Release */,
			);
			defaultConfigurationIsVisible = 0;
			defaultConfigurationName = Release;
		};
		6D0099A81E8022A3001E5A50 /* Build configuration list for PBXNativeTarget "Mimimishnosty" */ = {
			isa = XCConfigurationList;
			buildConfigurations = (
				6D0099A91E8022A3001E5A50 /* Debug */,
				6D0099AA1E8022A3001E5A50 /* Release */,
			);
			defaultConfigurationIsVisible = 0;
		};
/* End XCConfigurationList section */

/* Begin XCVersionGroup section */
		6D00999D1E8022A2001E5A50 /* Mimimishnosty.xcdatamodeld */ = {
			isa = XCVersionGroup;
			children = (
				6D00999E1E8022A2001E5A50 /* Mimimishnosty.xcdatamodel */,
			);
			currentVersion = 6D00999E1E8022A2001E5A50 /* Mimimishnosty.xcdatamodel */;
			path = Mimimishnosty.xcdatamodeld;
			sourceTree = "<group>";
			versionGroupType = wrapper.xcdatamodel;
		};
/* End XCVersionGroup section */
	};
	rootObject = 6D0099861E8022A2001E5A50 /* Project object */;
}
